
Microsoft Visual Studio Solution File, Format Version 11.00
# Visual Studio 2010
Project("{8BC9CEB8-8B4A-11D0-8D11-00A0C91BC942}") = "SqueezeCompiled", "SqueezeCompiled.vcxproj", "{68FDD8E3-146B-4016-B29F-F0F826A91914}"
EndProject
Project("{8BC9CEB8-8B4A-11D0-8D11-00A0C91BC942}") = "Uncollapse", "..\Uncollapse\Uncollapse.vcxproj", "{8D6FCC2D-0DD7-4A35-9B3B-A4D01D8A43A5}"
EndProject
Global
	GlobalSection(SolutionConfigurationPlatforms) = preSolution
		Debug|Win32 = Debug|Win32
		Release|Win32 = Release|Win32
	EndGlobalSection
	GlobalSection(ProjectConfigurationPlatforms) = postSolution
		{68FDD8E3-146B-4016-B29F-F0F826A91914}.Debug|Win32.ActiveCfg = Debug|Win32
		{68FDD8E3-146B-4016-B29F-F0F826A91914}.Debug|Win32.Build.0 = Debug|Win32
		{68FDD8E3-146B-4016-B29F-F0F826A91914}.Release|Win32.ActiveCfg = Release|Win32
		{68FDD8E3-146B-4016-B29F-F0F826A91914}.Release|Win32.Build.0 = Release|Win32
		{8D6FCC2D-0DD7-4A35-9B3B-A4D01D8A43A5}.Debug|Win32.ActiveCfg = Debug|Win32
		{8D6FCC2D-0DD7-4A35-9B3B-A4D01D8A43A5}.Debug|Win32.Build.0 = Debug|Win32
		{8D6FCC2D-0DD7-4A35-9B3B-A4D01D8A43A5}.Release|Win32.ActiveCfg = Release|Win32
		{8D6FCC2D-0DD7-4A35-9B3B-A4D01D8A43A5}.Release|Win32.Build.0 = Release|Win32
	EndGlobalSection
	GlobalSection(SolutionProperties) = preSolution
		HideSolutionNode = FALSE
	EndGlobalSection
EndGlobal
